# @generated by Move, please check-in and do not edit manually.

[move]
version = 2
manifest_digest = "87F68EB6AA772B1FEB098EEA30073385F55C529460054865CC9752C75994583C"
deps_digest = "060AD7E57DFB13104F21BE5F5C3759D03F0553FC3229247D9A7A6B45F50D03A3"
dependencies = [
  { name = "GenerisCoin" },
  { name = "MoveStdlib" },
  { name = "Sui" },
]

[[move.package]]
name = "GenerisCoin"
source = { git = "https://github.com/Iamknownasfesal/generis-coin", rev = "master", subdir = "" }

dependencies = [
  { name = "Sui" },
]

[[move.package]]
name = "MoveStdlib"
source = { git = "https://github.com/MystenLabs/sui.git", rev = "framework/mainnet", subdir = "crates/sui-framework/packages/move-stdlib" }

[[move.package]]
name = "Sui"
source = { git = "https://github.com/MystenLabs/sui.git", rev = "framework/mainnet", subdir = "crates/sui-framework/packages/sui-framework" }

dependencies = [
  { name = "MoveStdlib" },
]

[move.toolchain-version]
compiler-version = "1.29.0"
edition = "2024.beta"
flavor = "sui"

[env]

[env.mainnet]
chain-id = "35834a8a"
original-published-id = "0x53db5bfbd09013d86341e3020023161d11b6fc17af49326224732798d22374df"
latest-published-id = "0x53db5bfbd09013d86341e3020023161d11b6fc17af49326224732798d22374df"
published-version = "1"
